
Microsoft Visual Studio Solution File, Format Version 12.00
# Visual Studio Version 16
VisualStudioVersion = 16.0.31321.278
MinimumVisualStudioVersion = 10.0.40219.1
Project("{FAE04EC0-301F-11D3-BF4B-00C04F79EFBC}") = "AddressBook.WebApi", "AddressBookWebApi\AddressBook.WebApi.csproj", "{133CCD6B-53CD-404E-A4E9-3F74483BD78A}"
EndProject
Project("{FAE04EC0-301F-11D3-BF4B-00C04F79EFBC}") = "AddressBook.Access", "AddressBook.Access\AddressBook.Access.csproj", "{A42CD6E0-2482-4A73-9E17-0B83D0E70287}"
EndProject
Global
	GlobalSection(SolutionConfigurationPlatforms) = preSolution
		Debug|Any CPU = Debug|Any CPU
		Release|Any CPU = Release|Any CPU
	EndGlobalSection
	GlobalSection(ProjectConfigurationPlatforms) = postSolution
		{133CCD6B-53CD-404E-A4E9-3F74483BD78A}.Debug|Any CPU.ActiveCfg = Debug|Any CPU
		{133CCD6B-53CD-404E-A4E9-3F74483BD78A}.Debug|Any CPU.Build.0 = Debug|Any CPU
		{133CCD6B-53CD-404E-A4E9-3F74483BD78A}.Release|Any CPU.ActiveCfg = Release|Any CPU
		{133CCD6B-53CD-404E-A4E9-3F74483BD78A}.Release|Any CPU.Build.0 = Release|Any CPU
		{A42CD6E0-2482-4A73-9E17-0B83D0E70287}.Debug|Any CPU.ActiveCfg = Debug|Any CPU
		{A42CD6E0-2482-4A73-9E17-0B83D0E70287}.Debug|Any CPU.Build.0 = Debug|Any CPU
		{A42CD6E0-2482-4A73-9E17-0B83D0E70287}.Release|Any CPU.ActiveCfg = Release|Any CPU
		{A42CD6E0-2482-4A73-9E17-0B83D0E70287}.Release|Any CPU.Build.0 = Release|Any CPU
	EndGlobalSection
	GlobalSection(SolutionProperties) = preSolution
		HideSolutionNode = FALSE
	EndGlobalSection
	GlobalSection(ExtensibilityGlobals) = postSolution
		SolutionGuid = {E55454A4-D752-4123-B353-43666A9C38DB}
	EndGlobalSection
EndGlobal
